
Microsoft Visual Studio Solution File, Format Version 12.00
# Visual Studio Version 16
VisualStudioVersion = 16.0.31911.196
MinimumVisualStudioVersion = 10.0.40219.1
Project("{FAE04EC0-301F-11D3-BF4B-00C04F79EFBC}") = "MSTestPlayground", "MSTestPlayground.csproj", "{055C1FC2-6E5A-4291-A3C6-FC88A3508647}"
EndProject
Global
	GlobalSection(SolutionConfigurationPlatforms) = preSolution
		Debug|Any CPU = Debug|Any CPU
		Release|Any CPU = Release|Any CPU
	EndGlobalSection
	GlobalSection(ProjectConfigurationPlatforms) = postSolution
		{055C1FC2-6E5A-4291-A3C6-FC88A3508647}.Debug|Any CPU.ActiveCfg = Debug|Any CPU
		{055C1FC2-6E5A-4291-A3C6-FC88A3508647}.Debug|Any CPU.Build.0 = Debug|Any CPU
		{055C1FC2-6E5A-4291-A3C6-FC88A3508647}.Release|Any CPU.ActiveCfg = Release|Any CPU
		{055C1FC2-6E5A-4291-A3C6-FC88A3508647}.Release|Any CPU.Build.0 = Release|Any CPU
	EndGlobalSection
	GlobalSection(SolutionProperties) = preSolution
		HideSolutionNode = FALSE
	EndGlobalSection
	GlobalSection(ExtensibilityGlobals) = postSolution
		SolutionGuid = {15E99FE4-F576-42E4-803C-2669E88089D5}
	EndGlobalSection
EndGlobal
